
Microsoft Visual Studio Solution File, Format Version 12.00
# Visual Studio Version 17
VisualStudioVersion = 17.3.32929.385
MinimumVisualStudioVersion = 10.0.40219.1
Project("{FAE04EC0-301F-11D3-BF4B-00C04F79EFBC}") = "Практическая3", "Практическая3\Практическая3.csproj", "{8FEBF06F-5A84-4F9C-B055-3422110B64EA}"
EndProject
Global
	GlobalSection(SolutionConfigurationPlatforms) = preSolution
		Debug|Any CPU = Debug|Any CPU
		Release|Any CPU = Release|Any CPU
	EndGlobalSection
	GlobalSection(ProjectConfigurationPlatforms) = postSolution
		{8FEBF06F-5A84-4F9C-B055-3422110B64EA}.Debug|Any CPU.ActiveCfg = Debug|Any CPU
		{8FEBF06F-5A84-4F9C-B055-3422110B64EA}.Debug|Any CPU.Build.0 = Debug|Any CPU
		{8FEBF06F-5A84-4F9C-B055-3422110B64EA}.Release|Any CPU.ActiveCfg = Release|Any CPU
		{8FEBF06F-5A84-4F9C-B055-3422110B64EA}.Release|Any CPU.Build.0 = Release|Any CPU
	EndGlobalSection
	GlobalSection(SolutionProperties) = preSolution
		HideSolutionNode = FALSE
	EndGlobalSection
	GlobalSection(ExtensibilityGlobals) = postSolution
		SolutionGuid = {90FB172A-C890-405E-9772-57A35B61B5A4}
	EndGlobalSection
EndGlobal
